
Microsoft Visual Studio Solution File, Format Version 12.00
# Visual Studio Version 17
VisualStudioVersion = 17.10.34607.79
MinimumVisualStudioVersion = 10.0.40219.1
Project("{9A19103F-16F7-4668-BE54-9A1E7A4F7556}") = "SunScape", "SunScape\SunScape.csproj", "{E5CC8678-D88F-4337-9ECB-412D7796FD6E}"
EndProject
Project("{9A19103F-16F7-4668-BE54-9A1E7A4F7556}") = "SunScape.Client", "SunScape.Client\SunScape.Client.csproj", "{A3DD8F87-85C7-43BF-AD29-E9DF32BE3015}"
EndProject
Project("{2150E333-8FDC-42A3-9474-1A3956D46DE8}") = "Éléments de solution", "Éléments de solution", "{80275E4B-C4B5-4D23-BCA1-D80886841A9A}"
	ProjectSection(SolutionItems) = preProject
		README.md = README.md
	EndProjectSection
EndProject
Project("{E53339B2-1760-4266-BCC7-CA923CBCF16C}") = "docker-compose", "docker-compose.dcproj", "{42509351-4316-4FD1-80F1-04F76D136B1A}"
EndProject
Project("{2150E333-8FDC-42A3-9474-1A3956D46DE8}") = "nginx", "nginx", "{CD804A20-835D-4F4E-9E8C-980A9983428E}"
	ProjectSection(SolutionItems) = preProject
		nginx.conf = nginx.conf
		proxy.conf = proxy.conf
	EndProjectSection
EndProject
Global
	GlobalSection(SolutionConfigurationPlatforms) = preSolution
		Debug|Any CPU = Debug|Any CPU
		Release|Any CPU = Release|Any CPU
	EndGlobalSection
	GlobalSection(ProjectConfigurationPlatforms) = postSolution
		{E5CC8678-D88F-4337-9ECB-412D7796FD6E}.Debug|Any CPU.ActiveCfg = Debug|Any CPU
		{E5CC8678-D88F-4337-9ECB-412D7796FD6E}.Debug|Any CPU.Build.0 = Debug|Any CPU
		{E5CC8678-D88F-4337-9ECB-412D7796FD6E}.Release|Any CPU.ActiveCfg = Release|Any CPU
		{E5CC8678-D88F-4337-9ECB-412D7796FD6E}.Release|Any CPU.Build.0 = Release|Any CPU
		{A3DD8F87-85C7-43BF-AD29-E9DF32BE3015}.Debug|Any CPU.ActiveCfg = Debug|Any CPU
		{A3DD8F87-85C7-43BF-AD29-E9DF32BE3015}.Debug|Any CPU.Build.0 = Debug|Any CPU
		{A3DD8F87-85C7-43BF-AD29-E9DF32BE3015}.Release|Any CPU.ActiveCfg = Release|Any CPU
		{A3DD8F87-85C7-43BF-AD29-E9DF32BE3015}.Release|Any CPU.Build.0 = Release|Any CPU
		{42509351-4316-4FD1-80F1-04F76D136B1A}.Debug|Any CPU.ActiveCfg = Debug|Any CPU
		{42509351-4316-4FD1-80F1-04F76D136B1A}.Debug|Any CPU.Build.0 = Debug|Any CPU
		{42509351-4316-4FD1-80F1-04F76D136B1A}.Release|Any CPU.ActiveCfg = Release|Any CPU
		{42509351-4316-4FD1-80F1-04F76D136B1A}.Release|Any CPU.Build.0 = Release|Any CPU
	EndGlobalSection
	GlobalSection(SolutionProperties) = preSolution
		HideSolutionNode = FALSE
	EndGlobalSection
	GlobalSection(NestedProjects) = preSolution
		{CD804A20-835D-4F4E-9E8C-980A9983428E} = {80275E4B-C4B5-4D23-BCA1-D80886841A9A}
	EndGlobalSection
	GlobalSection(ExtensibilityGlobals) = postSolution
		SolutionGuid = {E96C291C-A75B-4D17-87E9-9B807DB63FA3}
	EndGlobalSection
EndGlobal
